// !$*UTF8*$!
{
	archiveVersion = 1;
	classes = {
	};
	objectVersion = 50;
	objects = {

/* Begin PBXBuildFile section */
		0A7B1AD39FE2900682A1E39B /* Pods_Weather3.framework in Frameworks */ = {isa = PBXBuildFile; fileRef = 452D301FD76F4ABF3BC7C3BF /* Pods_Weather3.framework */; };
		B20ABA522240DF07004B3030 /* AppDelegate.swift in Sources */ = {isa = PBXBuildFile; fileRef = B20ABA512240DF07004B3030 /* AppDelegate.swift */; };
		B20ABA542240DF07004B3030 /* ViewController.swift in Sources */ = {isa = PBXBuildFile; fileRef = B20ABA532240DF07004B3030 /* ViewController.swift */; };
		B20ABA572240DF08004B3030 /* Main.storyboard in Resources */ = {isa = PBXBuildFile; fileRef = B20ABA552240DF08004B3030 /* Main.storyboard */; };
		B20ABA592240DF09004B3030 /* Assets.xcassets in Resources */ = {isa = PBXBuildFile; fileRef = B20ABA582240DF09004B3030 /* Assets.xcassets */; };
		B20ABA5C2240DF09004B3030 /* LaunchScreen.storyboard in Resources */ = {isa = PBXBuildFile; fileRef = B20ABA5A2240DF09004B3030 /* LaunchScreen.storyboard */; };
/* End PBXBuildFile section */

/* Begin PBXFileReference section */
		1840574FC1C809AE1B0A5FB3 /* Pods-Weather3.debug.xcconfig */ = {isa = PBXFileReference; includeInIndex = 1; lastKnownFileType = text.xcconfig; name = "Pods-Weather3.debug.xcconfig"; path = "Target Support Files/Pods-Weather3/Pods-Weather3.debug.xcconfig"; sourceTree = "<group>"; };
		452D301FD76F4ABF3BC7C3BF /* Pods_Weather3.framework */ = {isa = PBXFileReference; explicitFileType = wrapper.framework; includeInIndex = 0; path = Pods_Weather3.framework; sourceTree = BUILT_PRODUCTS_DIR; };
		B20ABA4E2240DF07004B3030 /* Weather3.app */ = {isa = PBXFileReference; explicitFileType = wrapper.application; includeInIndex = 0; path = Weather3.app; sourceTree = BUILT_PRODUCTS_DIR; };
		B20ABA512240DF07004B3030 /* AppDelegate.swift */ = {isa = PBXFileReference; lastKnownFileType = sourcecode.swift; path = AppDelegate.swift; sourceTree = "<group>"; };
		B20ABA532240DF07004B3030 /* ViewController.swift */ = {isa = PBXFileReference; lastKnownFileType = sourcecode.swift; path = ViewController.swift; sourceTree = "<group>"; };
		B20ABA562240DF08004B3030 /* Base */ = {isa = PBXFileReference; lastKnownFileType = file.storyboard; name = Base; path = Base.lproj/Main.storyboard; sourceTree = "<group>"; };
		B20ABA582240DF09004B3030 /* Assets.xcassets */ = {isa = PBXFileReference; lastKnownFileType = folder.assetcatalog; path = Assets.xcassets; sourceTree = "<group>"; };
		B20ABA5B2240DF09004B3030 /* Base */ = {isa = PBXFileReference; lastKnownFileType = file.storyboard; name = Base; path = Base.lproj/LaunchScreen.storyboard; sourceTree = "<group>"; };
		B20ABA5D2240DF09004B3030 /* Info.plist */ = {isa = PBXFileReference; lastKnownFileType = text.plist.xml; path = Info.plist; sourceTree = "<group>"; };
		EBAE8D23AFA94BCD7E7C3B6B /* Pods-Weather3.release.xcconfig */ = {isa = PBXFileReference; includeInIndex = 1; lastKnownFileType = text.xcconfig; name = "Pods-Weather3.release.xcconfig"; path = "Target Support Files/Pods-Weather3/Pods-Weather3.release.xcconfig"; sourceTree = "<group>"; };
/* End PBXFileReference section */

/* Begin PBXFrameworksBuildPhase section */
		B20ABA4B2240DF07004B3030 /* Frameworks */ = {
			isa = PBXFrameworksBuildPhase;
			buildActionMask = 2147483647;
			files = (
				0A7B1AD39FE2900682A1E39B /* Pods_Weather3.framework in Frameworks */,
			);
			runOnlyForDeploymentPostprocessing = 0;
		};
/* End PBXFrameworksBuildPhase section */

/* Begin PBXGroup section */
		8573463DBA588BF65F147AEF /* Pods */ = {
			isa = PBXGroup;
			children = (
				1840574FC1C809AE1B0A5FB3 /* Pods-Weather3.debug.xcconfig */,
				EBAE8D23AFA94BCD7E7C3B6B /* Pods-Weather3.release.xcconfig */,
			);
			name = Pods;
			path = Pods;
			sourceTree = "<group>";
		};
		9CDCA6ED4E308AD0471EE8F9 /* Frameworks */ = {
			isa = PBXGroup;
			children = (
				452D301FD76F4ABF3BC7C3BF /* Pods_Weather3.framework */,
			);
			name = Frameworks;
			sourceTree = "<group>";
		};
		B20ABA452240DF07004B3030 = {
			isa = PBXGroup;
			children = (
				B20ABA502240DF07004B3030 /* Weather3 */,
				B20ABA4F2240DF07004B3030 /* Products */,
				8573463DBA588BF65F147AEF /* Pods */,
				9CDCA6ED4E308AD0471EE8F9 /* Frameworks */,
			);
			sourceTree = "<group>";
		};
		B20ABA4F2240DF07004B3030 /* Products */ = {
			isa = PBXGroup;
			children = (
				B20ABA4E2240DF07004B3030 /* Weather3.app */,
			);
			name = Products;
			sourceTree = "<group>";
		};
		B20ABA502240DF07004B3030 /* Weather3 */ = {
			isa = PBXGroup;
			children = (
				B20ABA512240DF07004B3030 /* AppDelegate.swift */,
				B20ABA532240DF07004B3030 /* ViewController.swift */,
				B20ABA552240DF08004B3030 /* Main.storyboard */,
				B20ABA582240DF09004B3030 /* Assets.xcassets */,
				B20ABA5A2240DF09004B3030 /* LaunchScreen.storyboard */,
				B20ABA5D2240DF09004B3030 /* Info.plist */,
			);
			path = Weather3;
			sourceTree = "<group>";
		};
/* End PBXGroup section */

/* Begin PBXNativeTarget section */
		B20ABA4D2240DF07004B3030 /* Weather3 */ = {
			isa = PBXNativeTarget;
			buildConfigurationList = B20ABA602240DF09004B3030 /* Build configuration list for PBXNativeTarget "Weather3" */;
			buildPhases = (
				6947F52C163FBAF438450421 /* [CP] Check Pods Manifest.lock */,
				B20ABA4A2240DF07004B3030 /* Sources */,
				B20ABA4B2240DF07004B3030 /* Frameworks */,
				B20ABA4C2240DF07004B3030 /* Resources */,
				114AC7183BB6A1ED782BD036 /* [CP] Embed Pods Frameworks */,
			);
			buildRules = (
			);
			dependencies = (
			);
			name = Weather3;
			productName = Weather3;
			productReference = B20ABA4E2240DF07004B3030 /* Weather3.app */;
			productType = "com.apple.product-type.application";
		};
/* End PBXNativeTarget section */

/* Begin PBXProject section */
		B20ABA462240DF07004B3030 /* Project object */ = {
			isa = PBXProject;
			attributes = {
				LastSwiftUpdateCheck = 1010;
				LastUpgradeCheck = 1010;
				ORGANIZATIONNAME = "Rui costa";
				TargetAttributes = {
					B20ABA4D2240DF07004B3030 = {
						CreatedOnToolsVersion = 10.1;
					};
				};
			};
			buildConfigurationList = B20ABA492240DF07004B3030 /* Build configuration list for PBXProject "Weather3" */;
			compatibilityVersion = "Xcode 9.3";
			developmentRegion = en;
			hasScannedForEncodings = 0;
			knownRegions = (
				en,
				Base,
			);
			mainGroup = B20ABA452240DF07004B3030;
			productRefGroup = B20ABA4F2240DF07004B3030 /* Products */;
			projectDirPath = "";
			projectRoot = "";
			targets = (
				B20ABA4D2240DF07004B3030 /* Weather3 */,
			);
		};
/* End PBXProject section */

/* Begin PBXResourcesBuildPhase section */
		B20ABA4C2240DF07004B3030 /* Resources */ = {
			isa = PBXResourcesBuildPhase;
			buildActionMask = 2147483647;
			files = (
				B20ABA5C2240DF09004B3030 /* LaunchScreen.storyboard in Resources */,
				B20ABA592240DF09004B3030 /* Assets.xcassets in Resources */,
				B20ABA572240DF08004B3030 /* Main.storyboard in Resources */,
			);
			runOnlyForDeploymentPostprocessing = 0;
		};
/* End PBXResourcesBuildPhase section */

/* Begin PBXShellScriptBuildPhase section */
		114AC7183BB6A1ED782BD036 /* [CP] Embed Pods Frameworks */ = {
			isa = PBXShellScriptBuildPhase;
			buildActionMask = 2147483647;
			files = (
			);
			inputFileListPaths = (
			);
			inputPaths = (
				"${PODS_ROOT}/Target Support Files/Pods-Weather3/Pods-Weather3-frameworks.sh",
				"${BUILT_PRODUCTS_DIR}/Alamofire/Alamofire.framework",
				"${BUILT_PRODUCTS_DIR}/NVActivityIndicatorView/NVActivityIndicatorView.framework",
				"${BUILT_PRODUCTS_DIR}/SwiftyJSON/SwiftyJSON.framework",
			);
			name = "[CP] Embed Pods Frameworks";
			outputFileListPaths = (
			);
			outputPaths = (
				"${TARGET_BUILD_DIR}/${FRAMEWORKS_FOLDER_PATH}/Alamofire.framework",
				"${TARGET_BUILD_DIR}/${FRAMEWORKS_FOLDER_PATH}/NVActivityIndicatorView.framework",
				"${TARGET_BUILD_DIR}/${FRAMEWORKS_FOLDER_PATH}/SwiftyJSON.framework",
			);
			runOnlyForDeploymentPostprocessing = 0;
			shellPath = /bin/sh;
			shellScript = "\"${PODS_ROOT}/Target Support Files/Pods-Weather3/Pods-Weather3-frameworks.sh\"\n";
			showEnvVarsInLog = 0;
		};
		6947F52C163FBAF438450421 /* [CP] Check Pods Manifest.lock */ = {
			isa = PBXShellScriptBuildPhase;
			buildActionMask = 2147483647;
			files = (
			);
			inputFileListPaths = (
			);
			inputPaths = (
				"${PODS_PODFILE_DIR_PATH}/Podfile.lock",
				"${PODS_ROOT}/Manifest.lock",
			);
			name = "[CP] Check Pods Manifest.lock";
			outputFileListPaths = (
			);
			outputPaths = (
				"$(DERIVED_FILE_DIR)/Pods-Weather3-checkManifestLockResult.txt",
			);
			runOnlyForDeploymentPostprocessing = 0;
			shellPath = /bin/sh;
			shellScript = "diff \"${PODS_PODFILE_DIR_PATH}/Podfile.lock\" \"${PODS_ROOT}/Manifest.lock\" > /dev/null\nif [ $? != 0 ] ; then\n    # print error to STDERR\n    echo \"error: The sandbox is not in sync with the Podfile.lock. Run 'pod install' or update your CocoaPods installation.\" >&2\n    exit 1\nfi\n# This output is used by Xcode 'outputs' to avoid re-running this script phase.\necho \"SUCCESS\" > \"${SCRIPT_OUTPUT_FILE_0}\"\n";
			showEnvVarsInLog = 0;
		};
/* End PBXShellScriptBuildPhase section */

/* Begin PBXSourcesBuildPhase section */
		B20ABA4A2240DF07004B3030 /* Sources */ = {
			isa = PBXSourcesBuildPhase;
			buildActionMask = 2147483647;
			files = (
				B20ABA542240DF07004B3030 /* ViewController.swift in Sources */,
				B20ABA522240DF07004B3030 /* AppDelegate.swift in Sources */,
			);
			runOnlyForDeploymentPostprocessing = 0;
		};
/* End PBXSourcesBuildPhase section */

/* Begin PBXVariantGroup section */
		B20ABA552240DF08004B3030 /* Main.storyboard */ = {
			isa = PBXVariantGroup;
			children = (
				B20ABA562240DF08004B3030 /* Base */,
			);
			name = Main.storyboard;
			sourceTree = "<group>";
		};
		B20ABA5A2240DF09004B3030 /* LaunchScreen.storyboard */ = {
			isa = PBXVariantGroup;
			children = (
				B20ABA5B2240DF09004B3030 /* Base */,
			);
			name = LaunchScreen.storyboard;
			sourceTree = "<group>";
		};
/* End PBXVariantGroup section */

/* Begin XCBuildConfiguration section */
		B20ABA5E2240DF09004B3030 /* Debug */ = {
			isa = XCBuildConfiguration;
			buildSettings = {
				ALWAYS_SEARCH_USER_PATHS = NO;
				CLANG_ANALYZER_NONNULL = YES;
				CLANG_ANALYZER_NUMBER_OBJECT_CONVERSION = YES_AGGRESSIVE;
				CLANG_CXX_LANGUAGE_STANDARD = "gnu++14";
				CLANG_CXX_LIBRARY = "libc++";
				CLANG_ENABLE_MODULES = YES;
				CLANG_ENABLE_OBJC_ARC = YES;
				CLANG_ENABLE_OBJC_WEAK = YES;
				CLANG_WARN_BLOCK_CAPTURE_AUTORELEASING = YES;
				CLANG_WARN_BOOL_CONVERSION = YES;
				CLANG_WARN_COMMA = YES;
				CLANG_WARN_CONSTANT_CONVERSION = YES;
				CLANG_WARN_DEPRECATED_OBJC_IMPLEMENTATIONS = YES;
				CLANG_WARN_DIRECT_OBJC_ISA_USAGE = YES_ERROR;
				CLANG_WARN_DOCUMENTATION_COMMENTS = YES;
				CLANG_WARN_EMPTY_BODY = YES;
				CLANG_WARN_ENUM_CONVERSION = YES;
				CLANG_WARN_INFINITE_RECURSION = YES;
				CLANG_WARN_INT_CONVERSION = YES;
				CLANG_WARN_NON_LITERAL_NULL_CONVERSION = YES;
				CLANG_WARN_OBJC_IMPLICIT_RETAIN_SELF = YES;
				CLANG_WARN_OBJC_LITERAL_CONVERSION = YES;
				CLANG_WARN_OBJC_ROOT_CLASS = YES_ERROR;
				CLANG_WARN_RANGE_LOOP_ANALYSIS = YES;
				CLANG_WARN_STRICT_PROTOTYPES = YES;
				CLANG_WARN_SUSPICIOUS_MOVE = YES;
				CLANG_WARN_UNGUARDED_AVAILABILITY = YES_AGGRESSIVE;
				CLANG_WARN_UNREACHABLE_CODE = YES;
				CLANG_WARN__DUPLICATE_METHOD_MATCH = YES;
				CODE_SIGN_IDENTITY = "iPhone Developer";
				COPY_PHASE_STRIP = NO;
				DEBUG_INFORMATION_FORMAT = dwarf;
				ENABLE_STRICT_OBJC_MSGSEND = YES;
				ENABLE_TESTABILITY = YES;
				GCC_C_LANGUAGE_STANDARD = gnu11;
				GCC_DYNAMIC_NO_PIC = NO;
				GCC_NO_COMMON_BLOCKS = YES;
				GCC_OPTIMIZATION_LEVEL = 0;
				GCC_PREPROCESSOR_DEFINITIONS = (
					"DEBUG=1",
					"$(inherited)",
				);
				GCC_WARN_64_TO_32_BIT_CONVERSION = YES;
				GCC_WARN_ABOUT_RETURN_TYPE = YES_ERROR;
				GCC_WARN_UNDECLARED_SELECTOR = YES;
				GCC_WARN_UNINITIALIZED_AUTOS = YES_AGGRESSIVE;
				GCC_WARN_UNUSED_FUNCTION = YES;
				GCC_WARN_UNUSED_VARIABLE = YES;
				IPHONEOS_DEPLOYMENT_TARGET = 12.1;
				MTL_ENABLE_DEBUG_INFO = INCLUDE_SOURCE;
				MTL_FAST_MATH = YES;
				ONLY_ACTIVE_ARCH = YES;
				SDKROOT = iphoneos;
				SWIFT_ACTIVE_COMPILATION_CONDITIONS = DEBUG;
				SWIFT_OPTIMIZATION_LEVEL = "-Onone";
			};
			name = Debug;
		};
		B20ABA5F2240DF09004B3030 /* Release */ = {
			isa = XCBuildConfiguration;
			buildSettings = {
				ALWAYS_SEARCH_USER_PATHS = NO;
				CLANG_ANALYZER_NONNULL = YES;
				CLANG_ANALYZER_NUMBER_OBJECT_CONVERSION = YES_AGGRESSIVE;
				CLANG_CXX_LANGUAGE_STANDARD = "gnu++14";
				CLANG_CXX_LIBRARY = "libc++";
				CLANG_ENABLE_MODULES = YES;
				CLANG_ENABLE_OBJC_ARC = YES;
				CLANG_ENABLE_OBJC_WEAK = YES;
				CLANG_WARN_BLOCK_CAPTURE_AUTORELEASING = YES;
				CLANG_WARN_BOOL_CONVERSION = YES;
				CLANG_WARN_COMMA = YES;
				CLANG_WARN_CONSTANT_CONVERSION = YES;
				CLANG_WARN_DEPRECATED_OBJC_IMPLEMENTATIONS = YES;
				CLANG_WARN_DIRECT_OBJC_ISA_USAGE = YES_ERROR;
				CLANG_WARN_DOCUMENTATION_COMMENTS = YES;
				CLANG_WARN_EMPTY_BODY = YES;
				CLANG_WARN_ENUM_CONVERSION = YES;
				CLANG_WARN_INFINITE_RECURSION = YES;
				CLANG_WARN_INT_CONVERSION = YES;
				CLANG_WARN_NON_LITERAL_NULL_CONVERSION = YES;
				CLANG_WARN_OBJC_IMPLICIT_RETAIN_SELF = YES;
				CLANG_WARN_OBJC_LITERAL_CONVERSION = YES;
				CLANG_WARN_OBJC_ROOT_CLASS = YES_ERROR;
				CLANG_WARN_RANGE_LOOP_ANALYSIS = YES;
				CLANG_WARN_STRICT_PROTOTYPES = YES;
				CLANG_WARN_SUSPICIOUS_MOVE = YES;
				CLANG_WARN_UNGUARDED_AVAILABILITY = YES_AGGRESSIVE;
				CLANG_WARN_UNREACHABLE_CODE = YES;
				CLANG_WARN__DUPLICATE_METHOD_MATCH = YES;
				CODE_SIGN_IDENTITY = "iPhone Developer";
				COPY_PHASE_STRIP = NO;
				DEBUG_INFORMATION_FORMAT = "dwarf-with-dsym";
				ENABLE_NS_ASSERTIONS = NO;
				ENABLE_STRICT_OBJC_MSGSEND = YES;
				GCC_C_LANGUAGE_STANDARD = gnu11;
				GCC_NO_COMMON_BLOCKS = YES;
				GCC_WARN_64_TO_32_BIT_CONVERSION = YES;
				GCC_WARN_ABOUT_RETURN_TYPE = YES_ERROR;
				GCC_WARN_UNDECLARED_SELECTOR = YES;
				GCC_WARN_UNINITIALIZED_AUTOS = YES_AGGRESSIVE;
				GCC_WARN_UNUSED_FUNCTION = YES;
				GCC_WARN_UNUSED_VARIABLE = YES;
				IPHONEOS_DEPLOYMENT_TARGET = 12.1;
				MTL_ENABLE_DEBUG_INFO = NO;
				MTL_FAST_MATH = YES;
				SDKROOT = iphoneos;
				SWIFT_COMPILATION_MODE = wholemodule;
				SWIFT_OPTIMIZATION_LEVEL = "-O";
				VALIDATE_PRODUCT = YES;
			};
			name = Release;
		};
		B20ABA612240DF09004B3030 /* Debug */ = {
			isa = XCBuildConfiguration;
			baseConfigurationReference = 1840574FC1C809AE1B0A5FB3 /* Pods-Weather3.debug.xcconfig */;
			buildSettings = {
				ASSETCATALOG_COMPILER_APPICON_NAME = AppIcon;
				CODE_SIGN_STYLE = Automatic;
				DEVELOPMENT_TEAM = 2N3FUBA75N;
				INFOPLIST_FILE = Weather3/Info.plist;
				LD_RUNPATH_SEARCH_PATHS = (
					"$(inherited)",
					"@executable_path/Frameworks",
				);
				PRODUCT_BUNDLE_IDENTIFIER = Costa.Weather3;
				PRODUCT_NAME = "$(TARGET_NAME)";
				SWIFT_VERSION = 4.2;
				TARGETED_DEVICE_FAMILY = "1,2";
			};
			name = Debug;
		};
		B20ABA622240DF09004B3030 /* Release */ = {
			isa = XCBuildConfiguration;
			baseConfigurationReference = EBAE8D23AFA94BCD7E7C3B6B /* Pods-Weather3.release.xcconfig */;
			buildSettings = {
				ASSETCATALOG_COMPILER_APPICON_NAME = AppIcon;
				CODE_SIGN_STYLE = Automatic;
				DEVELOPMENT_TEAM = 2N3FUBA75N;
				INFOPLIST_FILE = Weather3/Info.plist;
				LD_RUNPATH_SEARCH_PATHS = (
					"$(inherited)",
					"@executable_path/Frameworks",
				);
				PRODUCT_BUNDLE_IDENTIFIER = Costa.Weather3;
				PRODUCT_NAME = "$(TARGET_NAME)";
				SWIFT_VERSION = 4.2;
				TARGETED_DEVICE_FAMILY = "1,2";
			};
			name = Release;
		};
/* End XCBuildConfiguration section */

/* Begin XCConfigurationList section */
		B20ABA492240DF07004B3030 /* Build configuration list for PBXProject "Weather3" */ = {
			isa = XCConfigurationList;
			buildConfigurations = (
				B20ABA5E2240DF09004B3030 /* Debug */,
				B20ABA5F2240DF09004B3030 /* Release */,
			);
			defaultConfigurationIsVisible = 0;
			defaultConfigurationName = Release;
		};
		B20ABA602240DF09004B3030 /* Build configuration list for PBXNativeTarget "Weather3" */ = {
			isa = XCConfigurationList;
			buildConfigurations = (
				B20ABA612240DF09004B3030 /* Debug */,
				B20ABA622240DF09004B3030 /* Release */,
			);
			defaultConfigurationIsVisible = 0;
			defaultConfigurationName = Release;
		};
/* End XCConfigurationList section */
	};
	rootObject = B20ABA462240DF07004B3030 /* Project object */;
}
